
Microsoft Visual Studio Solution File, Format Version 12.00
# Visual Studio Version 17
VisualStudioVersion = 17.4.33122.133
MinimumVisualStudioVersion = 10.0.40219.1
Project("{9A19103F-16F7-4668-BE54-9A1E7A4F7556}") = "ConsultaProWeb", "ConsultaProWeb\ConsultaProWeb.csproj", "{756CAED9-9EB5-4443-B8F4-738167310C6B}"
EndProject
Global
	GlobalSection(SolutionConfigurationPlatforms) = preSolution
		Debug|Any CPU = Debug|Any CPU
		Release|Any CPU = Release|Any CPU
	EndGlobalSection
	GlobalSection(ProjectConfigurationPlatforms) = postSolution
		{756CAED9-9EB5-4443-B8F4-738167310C6B}.Debug|Any CPU.ActiveCfg = Debug|Any CPU
		{756CAED9-9EB5-4443-B8F4-738167310C6B}.Debug|Any CPU.Build.0 = Debug|Any CPU
		{756CAED9-9EB5-4443-B8F4-738167310C6B}.Release|Any CPU.ActiveCfg = Release|Any CPU
		{756CAED9-9EB5-4443-B8F4-738167310C6B}.Release|Any CPU.Build.0 = Release|Any CPU
	EndGlobalSection
	GlobalSection(SolutionProperties) = preSolution
		HideSolutionNode = FALSE
	EndGlobalSection
	GlobalSection(ExtensibilityGlobals) = postSolution
		SolutionGuid = {99DA7DE3-48F1-4A63-BBD8-332CB5F45099}
	EndGlobalSection
EndGlobal
